
Microsoft Visual Studio Solution File, Format Version 12.00
# Visual Studio Version 16
VisualStudioVersion = 16.0.30011.22
MinimumVisualStudioVersion = 10.0.40219.1
Project("{FAE04EC0-301F-11D3-BF4B-00C04F79EFBC}") = "NotionSharp", "NotionSharp\NotionSharp.csproj", "{5B717D05-BA5F-4F2A-9720-515E2E7DF65D}"
EndProject
Project("{FAE04EC0-301F-11D3-BF4B-00C04F79EFBC}") = "NotionSharpTest", "NotionSharpTest\NotionSharpTest.csproj", "{12DC1B9D-0523-474B-A17E-8424C605F167}"
EndProject
Global
	GlobalSection(SolutionConfigurationPlatforms) = preSolution
		Debug|Any CPU = Debug|Any CPU
		Release|Any CPU = Release|Any CPU
	EndGlobalSection
	GlobalSection(ProjectConfigurationPlatforms) = postSolution
		{5B717D05-BA5F-4F2A-9720-515E2E7DF65D}.Debug|Any CPU.ActiveCfg = Debug|Any CPU
		{5B717D05-BA5F-4F2A-9720-515E2E7DF65D}.Debug|Any CPU.Build.0 = Debug|Any CPU
		{5B717D05-BA5F-4F2A-9720-515E2E7DF65D}.Release|Any CPU.ActiveCfg = Release|Any CPU
		{5B717D05-BA5F-4F2A-9720-515E2E7DF65D}.Release|Any CPU.Build.0 = Release|Any CPU
		{12DC1B9D-0523-474B-A17E-8424C605F167}.Debug|Any CPU.ActiveCfg = Debug|Any CPU
		{12DC1B9D-0523-474B-A17E-8424C605F167}.Debug|Any CPU.Build.0 = Debug|Any CPU
		{12DC1B9D-0523-474B-A17E-8424C605F167}.Release|Any CPU.ActiveCfg = Release|Any CPU
		{12DC1B9D-0523-474B-A17E-8424C605F167}.Release|Any CPU.Build.0 = Release|Any CPU
	EndGlobalSection
	GlobalSection(SolutionProperties) = preSolution
		HideSolutionNode = FALSE
	EndGlobalSection
	GlobalSection(ExtensibilityGlobals) = postSolution
		SolutionGuid = {522940C7-B401-4DC2-A960-98E94B2C7DD9}
	EndGlobalSection
EndGlobal
